// !$*UTF8*$!
{
	archiveVersion = 1;
	classes = {
	};
	objectVersion = 77;
	objects = {

/* Begin PBXContainerItemProxy section */
		263FD41C2D32C31A004570DA /* PBXContainerItemProxy */ = {
			isa = PBXContainerItemProxy;
			containerPortal = 263FD3FA2D32C317004570DA /* Project object */;
			proxyType = 1;
			remoteGlobalIDString = 263FD4012D32C317004570DA;
			remoteInfo = ekgiuvenchPW5;
		};
		263FD4262D32C31A004570DA /* PBXContainerItemProxy */ = {
			isa = PBXContainerItemProxy;
			containerPortal = 263FD3FA2D32C317004570DA /* Project object */;
			proxyType = 1;
			remoteGlobalIDString = 263FD4012D32C317004570DA;
			remoteInfo = ekgiuvenchPW5;
		};
/* End PBXContainerItemProxy section */

/* Begin PBXFileReference section */
		263FD4022D32C317004570DA /* ekgiuvenchPW5.app */ = {isa = PBXFileReference; explicitFileType = wrapper.application; includeInIndex = 0; path = ekgiuvenchPW5.app; sourceTree = BUILT_PRODUCTS_DIR; };
		263FD41B2D32C31A004570DA /* ekgiuvenchPW5Tests.xctest */ = {isa = PBXFileReference; explicitFileType = wrapper.cfbundle; includeInIndex = 0; path = ekgiuvenchPW5Tests.xctest; sourceTree = BUILT_PRODUCTS_DIR; };
		263FD4252D32C31A004570DA /* ekgiuvenchPW5UITests.xctest */ = {isa = PBXFileReference; explicitFileType = wrapper.cfbundle; includeInIndex = 0; path = ekgiuvenchPW5UITests.xctest; sourceTree = BUILT_PRODUCTS_DIR; };
/* End PBXFileReference section */

/* Begin PBXFileSystemSynchronizedBuildFileExceptionSet section */
		263FD42D2D32C31A004570DA /* Exceptions for "ekgiuvenchPW5" folder in "ekgiuvenchPW5" target */ = {
			isa = PBXFileSystemSynchronizedBuildFileExceptionSet;
			membershipExceptions = (
				Info.plist,
			);
			target = 263FD4012D32C317004570DA /* ekgiuvenchPW5 */;
		};
/* End PBXFileSystemSynchronizedBuildFileExceptionSet section */

/* Begin PBXFileSystemSynchronizedRootGroup section */
		263FD4042D32C317004570DA /* ekgiuvenchPW5 */ = {
			isa = PBXFileSystemSynchronizedRootGroup;
			exceptions = (
				263FD42D2D32C31A004570DA /* Exceptions for "ekgiuvenchPW5" folder in "ekgiuvenchPW5" target */,
			);
			path = ekgiuvenchPW5;
			sourceTree = "<group>";
		};
		263FD41E2D32C31A004570DA /* ekgiuvenchPW5Tests */ = {
			isa = PBXFileSystemSynchronizedRootGroup;
			path = ekgiuvenchPW5Tests;
			sourceTree = "<group>";
		};
		263FD4282D32C31A004570DA /* ekgiuvenchPW5UITests */ = {
			isa = PBXFileSystemSynchronizedRootGroup;
			path = ekgiuvenchPW5UITests;
			sourceTree = "<group>";
		};
/* End PBXFileSystemSynchronizedRootGroup section */

/* Begin PBXFrameworksBuildPhase section */
		263FD3FF2D32C317004570DA /* Frameworks */ = {
			isa = PBXFrameworksBuildPhase;
			buildActionMask = 2147483647;
			files = (
			);
			runOnlyForDeploymentPostprocessing = 0;
		};
		263FD4182D32C31A004570DA /* Frameworks */ = {
			isa = PBXFrameworksBuildPhase;
			buildActionMask = 2147483647;
			files = (
			);
			runOnlyForDeploymentPostprocessing = 0;
		};
		263FD4222D32C31A004570DA /* Frameworks */ = {
			isa = PBXFrameworksBuildPhase;
			buildActionMask = 2147483647;
			files = (
			);
			runOnlyForDeploymentPostprocessing = 0;
		};
/* End PBXFrameworksBuildPhase section */

/* Begin PBXGroup section */
		263FD3F92D32C317004570DA = {
			isa = PBXGroup;
			children = (
				263FD4042D32C317004570DA /* ekgiuvenchPW5 */,
				263FD41E2D32C31A004570DA /* ekgiuvenchPW5Tests */,
				263FD4282D32C31A004570DA /* ekgiuvenchPW5UITests */,
				263FD4032D32C317004570DA /* Products */,
			);
			sourceTree = "<group>";
		};
		263FD4032D32C317004570DA /* Products */ = {
			isa = PBXGroup;
			children = (
				263FD4022D32C317004570DA /* ekgiuvenchPW5.app */,
				263FD41B2D32C31A004570DA /* ekgiuvenchPW5Tests.xctest */,
				263FD4252D32C31A004570DA /* ekgiuvenchPW5UITests.xctest */,
			);
			name = Products;
			sourceTree = "<group>";
		};
/* End PBXGroup section */

/* Begin PBXNativeTarget section */
		263FD4012D32C317004570DA /* ekgiuvenchPW5 */ = {
			isa = PBXNativeTarget;
			buildConfigurationList = 263FD42E2D32C31A004570DA /* Build configuration list for PBXNativeTarget "ekgiuvenchPW5" */;
			buildPhases = (
				263FD3FE2D32C317004570DA /* Sources */,
				263FD3FF2D32C317004570DA /* Frameworks */,
				263FD4002D32C317004570DA /* Resources */,
			);
			buildRules = (
			);
			dependencies = (
			);
			fileSystemSynchronizedGroups = (
				263FD4042D32C317004570DA /* ekgiuvenchPW5 */,
			);
			name = ekgiuvenchPW5;
			packageProductDependencies = (
			);
			productName = ekgiuvenchPW5;
			productReference = 263FD4022D32C317004570DA /* ekgiuvenchPW5.app */;
			productType = "com.apple.product-type.application";
		};
		263FD41A2D32C31A004570DA /* ekgiuvenchPW5Tests */ = {
			isa = PBXNativeTarget;
			buildConfigurationList = 263FD4332D32C31A004570DA /* Build configuration list for PBXNativeTarget "ekgiuvenchPW5Tests" */;
			buildPhases = (
				263FD4172D32C31A004570DA /* Sources */,
				263FD4182D32C31A004570DA /* Frameworks */,
				263FD4192D32C31A004570DA /* Resources */,
			);
			buildRules = (
			);
			dependencies = (
				263FD41D2D32C31A004570DA /* PBXTargetDependency */,
			);
			fileSystemSynchronizedGroups = (
				263FD41E2D32C31A004570DA /* ekgiuvenchPW5Tests */,
			);
			name = ekgiuvenchPW5Tests;
			packageProductDependencies = (
			);
			productName = ekgiuvenchPW5Tests;
			productReference = 263FD41B2D32C31A004570DA /* ekgiuvenchPW5Tests.xctest */;
			productType = "com.apple.product-type.bundle.unit-test";
		};
		263FD4242D32C31A004570DA /* ekgiuvenchPW5UITests */ = {
			isa = PBXNativeTarget;
			buildConfigurationList = 263FD4362D32C31A004570DA /* Build configuration list for PBXNativeTarget "ekgiuvenchPW5UITests" */;
			buildPhases = (
				263FD4212D32C31A004570DA /* Sources */,
				263FD4222D32C31A004570DA /* Frameworks */,
				263FD4232D32C31A004570DA /* Resources */,
			);
			buildRules = (
			);
			dependencies = (
				263FD4272D32C31A004570DA /* PBXTargetDependency */,
			);
			fileSystemSynchronizedGroups = (
				263FD4282D32C31A004570DA /* ekgiuvenchPW5UITests */,
			);
			name = ekgiuvenchPW5UITests;
			packageProductDependencies = (
			);
			productName = ekgiuvenchPW5UITests;
			productReference = 263FD4252D32C31A004570DA /* ekgiuvenchPW5UITests.xctest */;
			productType = "com.apple.product-type.bundle.ui-testing";
		};
/* End PBXNativeTarget section */

/* Begin PBXProject section */
		263FD3FA2D32C317004570DA /* Project object */ = {
			isa = PBXProject;
			attributes = {
				BuildIndependentTargetsInParallel = 1;
				LastSwiftUpdateCheck = 1600;
				LastUpgradeCheck = 1600;
				TargetAttributes = {
					263FD4012D32C317004570DA = {
						CreatedOnToolsVersion = 16.0;
					};
					263FD41A2D32C31A004570DA = {
						CreatedOnToolsVersion = 16.0;
						TestTargetID = 263FD4012D32C317004570DA;
					};
					263FD4242D32C31A004570DA = {
						CreatedOnToolsVersion = 16.0;
						TestTargetID = 263FD4012D32C317004570DA;
					};
				};
			};
			buildConfigurationList = 263FD3FD2D32C317004570DA /* Build configuration list for PBXProject "ekgiuvenchPW5" */;
			developmentRegion = en;
			hasScannedForEncodings = 0;
			knownRegions = (
				en,
				Base,
			);
			mainGroup = 263FD3F92D32C317004570DA;
			minimizedProjectReferenceProxies = 1;
			preferredProjectObjectVersion = 77;
			productRefGroup = 263FD4032D32C317004570DA /* Products */;
			projectDirPath = "";
			projectRoot = "";
			targets = (
				263FD4012D32C317004570DA /* ekgiuvenchPW5 */,
				263FD41A2D32C31A004570DA /* ekgiuvenchPW5Tests */,
				263FD4242D32C31A004570DA /* ekgiuvenchPW5UITests */,
			);
		};
/* End PBXProject section */

/* Begin PBXResourcesBuildPhase section */
		263FD4002D32C317004570DA /* Resources */ = {
			isa = PBXResourcesBuildPhase;
			buildActionMask = 2147483647;
			files = (
			);
			runOnlyForDeploymentPostprocessing = 0;
		};
		263FD4192D32C31A004570DA /* Resources */ = {
			isa = PBXResourcesBuildPhase;
			buildActionMask = 2147483647;
			files = (
			);
			runOnlyForDeploymentPostprocessing = 0;
		};
		263FD4232D32C31A004570DA /* Resources */ = {
			isa = PBXResourcesBuildPhase;
			buildActionMask = 2147483647;
			files = (
			);
			runOnlyForDeploymentPostprocessing = 0;
		};
/* End PBXResourcesBuildPhase section */

/* Begin PBXSourcesBuildPhase section */
		263FD3FE2D32C317004570DA /* Sources */ = {
			isa = PBXSourcesBuildPhase;
			buildActionMask = 2147483647;
			files = (
			);
			runOnlyForDeploymentPostprocessing = 0;
		};
		263FD4172D32C31A004570DA /* Sources */ = {
			isa = PBXSourcesBuildPhase;
			buildActionMask = 2147483647;
			files = (
			);
			runOnlyForDeploymentPostprocessing = 0;
		};
		263FD4212D32C31A004570DA /* Sources */ = {
			isa = PBXSourcesBuildPhase;
			buildActionMask = 2147483647;
			files = (
			);
			runOnlyForDeploymentPostprocessing = 0;
		};
/* End PBXSourcesBuildPhase section */

/* Begin PBXTargetDependency section */
		263FD41D2D32C31A004570DA /* PBXTargetDependency */ = {
			isa = PBXTargetDependency;
			target = 263FD4012D32C317004570DA /* ekgiuvenchPW5 */;
			targetProxy = 263FD41C2D32C31A004570DA /* PBXContainerItemProxy */;
		};
		263FD4272D32C31A004570DA /* PBXTargetDependency */ = {
			isa = PBXTargetDependency;
			target = 263FD4012D32C317004570DA /* ekgiuvenchPW5 */;
			targetProxy = 263FD4262D32C31A004570DA /* PBXContainerItemProxy */;
		};
/* End PBXTargetDependency section */

/* Begin XCBuildConfiguration section */
		263FD42F2D32C31A004570DA /* Debug */ = {
			isa = XCBuildConfiguration;
			buildSettings = {
				ASSETCATALOG_COMPILER_APPICON_NAME = AppIcon;
				ASSETCATALOG_COMPILER_GLOBAL_ACCENT_COLOR_NAME = AccentColor;
				CODE_SIGN_STYLE = Automatic;
				CURRENT_PROJECT_VERSION = 1;
				DEVELOPMENT_TEAM = 4MGMPCT82N;
				GENERATE_INFOPLIST_FILE = YES;
				INFOPLIST_FILE = ekgiuvenchPW5/Info.plist;
				INFOPLIST_KEY_UIApplicationSupportsIndirectInputEvents = YES;
				INFOPLIST_KEY_UILaunchStoryboardName = LaunchScreen;
				INFOPLIST_KEY_UIMainStoryboardFile = Main;
				INFOPLIST_KEY_UISupportedInterfaceOrientations_iPad = "UIInterfaceOrientationPortrait UIInterfaceOrientationPortraitUpsideDown UIInterfaceOrientationLandscapeLeft UIInterfaceOrientationLandscapeRight";
				INFOPLIST_KEY_UISupportedInterfaceOrientations_iPhone = "UIInterfaceOrientationPortrait UIInterfaceOrientationLandscapeLeft UIInterfaceOrientationLandscapeRight";
				LD_RUNPATH_SEARCH_PATHS = (
					"$(inherited)",
					"@executable_path/Frameworks",
				);
				MARKETING_VERSION = 1.0;
				PRODUCT_BUNDLE_IDENTIFIER = "dumb-entertainment.ekgiuvenchPW5";
				PRODUCT_NAME = "$(TARGET_NAME)";
				SWIFT_EMIT_LOC_STRINGS = YES;
				SWIFT_VERSION = 5.0;
				TARGETED_DEVICE_FAMILY = "1,2";
			};
			name = Debug;
		};
		263FD4302D32C31A004570DA /* Release */ = {
			isa = XCBuildConfiguration;
			buildSettings = {
				ASSETCATALOG_COMPILER_APPICON_NAME = AppIcon;
				ASSETCATALOG_COMPILER_GLOBAL_ACCENT_COLOR_NAME = AccentColor;
				CODE_SIGN_STYLE = Automatic;
				CURRENT_PROJECT_VERSION = 1;
				DEVELOPMENT_TEAM = 4MGMPCT82N;
				GENERATE_INFOPLIST_FILE = YES;
				INFOPLIST_FILE = ekgiuvenchPW5/Info.plist;
				INFOPLIST_KEY_UIApplicationSupportsIndirectInputEvents = YES;
				INFOPLIST_KEY_UILaunchStoryboardName = LaunchScreen;
				INFOPLIST_KEY_UIMainStoryboardFile = Main;
				INFOPLIST_KEY_UISupportedInterfaceOrientations_iPad = "UIInterfaceOrientationPortrait UIInterfaceOrientationPortraitUpsideDown UIInterfaceOrientationLandscapeLeft UIInterfaceOrientationLandscapeRight";
				INFOPLIST_KEY_UISupportedInterfaceOrientations_iPhone = "UIInterfaceOrientationPortrait UIInterfaceOrientationLandscapeLeft UIInterfaceOrientationLandscapeRight";
				LD_RUNPATH_SEARCH_PATHS = (
					"$(inherited)",
					"@executable_path/Frameworks",
				);
				MARKETING_VERSION = 1.0;
				PRODUCT_BUNDLE_IDENTIFIER = "dumb-entertainment.ekgiuvenchPW5";
				PRODUCT_NAME = "$(TARGET_NAME)";
				SWIFT_EMIT_LOC_STRINGS = YES;
				SWIFT_VERSION = 5.0;
				TARGETED_DEVICE_FAMILY = "1,2";
			};
			name = Release;
		};
		263FD4312D32C31A004570DA /* Debug */ = {
			isa = XCBuildConfiguration;
			buildSettings = {
				ALWAYS_SEARCH_USER_PATHS = NO;
				ASSETCATALOG_COMPILER_GENERATE_SWIFT_ASSET_SYMBOL_EXTENSIONS = YES;
				CLANG_ANALYZER_NONNULL = YES;
				CLANG_ANALYZER_NUMBER_OBJECT_CONVERSION = YES_AGGRESSIVE;
				CLANG_CXX_LANGUAGE_STANDARD = "gnu++20";
				CLANG_ENABLE_MODULES = YES;
				CLANG_ENABLE_OBJC_ARC = YES;
				CLANG_ENABLE_OBJC_WEAK = YES;
				CLANG_WARN_BLOCK_CAPTURE_AUTORELEASING = YES;
				CLANG_WARN_BOOL_CONVERSION = YES;
				CLANG_WARN_COMMA = YES;
				CLANG_WARN_CONSTANT_CONVERSION = YES;
				CLANG_WARN_DEPRECATED_OBJC_IMPLEMENTATIONS = YES;
				CLANG_WARN_DIRECT_OBJC_ISA_USAGE = YES_ERROR;
				CLANG_WARN_DOCUMENTATION_COMMENTS = YES;
				CLANG_WARN_EMPTY_BODY = YES;
				CLANG_WARN_ENUM_CONVERSION = YES;
				CLANG_WARN_INFINITE_RECURSION = YES;
				CLANG_WARN_INT_CONVERSION = YES;
				CLANG_WARN_NON_LITERAL_NULL_CONVERSION = YES;
				CLANG_WARN_OBJC_IMPLICIT_RETAIN_SELF = YES;
				CLANG_WARN_OBJC_LITERAL_CONVERSION = YES;
				CLANG_WARN_OBJC_ROOT_CLASS = YES_ERROR;
				CLANG_WARN_QUOTED_INCLUDE_IN_FRAMEWORK_HEADER = YES;
				CLANG_WARN_RANGE_LOOP_ANALYSIS = YES;
				CLANG_WARN_STRICT_PROTOTYPES = YES;
				CLANG_WARN_SUSPICIOUS_MOVE = YES;
				CLANG_WARN_UNGUARDED_AVAILABILITY = YES_AGGRESSIVE;
				CLANG_WARN_UNREACHABLE_CODE = YES;
				CLANG_WARN__DUPLICATE_METHOD_MATCH = YES;
				COPY_PHASE_STRIP = NO;
				DEBUG_INFORMATION_FORMAT = dwarf;
				ENABLE_STRICT_OBJC_MSGSEND = YES;
				ENABLE_TESTABILITY = YES;
				ENABLE_USER_SCRIPT_SANDBOXING = YES;
				GCC_C_LANGUAGE_STANDARD = gnu17;
				GCC_DYNAMIC_NO_PIC = NO;
				GCC_NO_COMMON_BLOCKS = YES;
				GCC_OPTIMIZATION_LEVEL = 0;
				GCC_PREPROCESSOR_DEFINITIONS = (
					"DEBUG=1",
					"$(inherited)",
				);
				GCC_WARN_64_TO_32_BIT_CONVERSION = YES;
				GCC_WARN_ABOUT_RETURN_TYPE = YES_ERROR;
				GCC_WARN_UNDECLARED_SELECTOR = YES;
				GCC_WARN_UNINITIALIZED_AUTOS = YES_AGGRESSIVE;
				GCC_WARN_UNUSED_FUNCTION = YES;
				GCC_WARN_UNUSED_VARIABLE = YES;
				IPHONEOS_DEPLOYMENT_TARGET = 18.0;
				LOCALIZATION_PREFERS_STRING_CATALOGS = YES;
				MTL_ENABLE_DEBUG_INFO = INCLUDE_SOURCE;
				MTL_FAST_MATH = YES;
				ONLY_ACTIVE_ARCH = YES;
				SDKROOT = iphoneos;
				SWIFT_ACTIVE_COMPILATION_CONDITIONS = "DEBUG $(inherited)";
				SWIFT_OPTIMIZATION_LEVEL = "-Onone";
			};
			name = Debug;
		};
		263FD4322D32C31A004570DA /* Release */ = {
			isa = XCBuildConfiguration;
			buildSettings = {
				ALWAYS_SEARCH_USER_PATHS = NO;
				ASSETCATALOG_COMPILER_GENERATE_SWIFT_ASSET_SYMBOL_EXTENSIONS = YES;
				CLANG_ANALYZER_NONNULL = YES;
				CLANG_ANALYZER_NUMBER_OBJECT_CONVERSION = YES_AGGRESSIVE;
				CLANG_CXX_LANGUAGE_STANDARD = "gnu++20";
				CLANG_ENABLE_MODULES = YES;
				CLANG_ENABLE_OBJC_ARC = YES;
				CLANG_ENABLE_OBJC_WEAK = YES;
				CLANG_WARN_BLOCK_CAPTURE_AUTORELEASING = YES;
				CLANG_WARN_BOOL_CONVERSION = YES;
				CLANG_WARN_COMMA = YES;
				CLANG_WARN_CONSTANT_CONVERSION = YES;
				CLANG_WARN_DEPRECATED_OBJC_IMPLEMENTATIONS = YES;
				CLANG_WARN_DIRECT_OBJC_ISA_USAGE = YES_ERROR;
				CLANG_WARN_DOCUMENTATION_COMMENTS = YES;
				CLANG_WARN_EMPTY_BODY = YES;
				CLANG_WARN_ENUM_CONVERSION = YES;
				CLANG_WARN_INFINITE_RECURSION = YES;
				CLANG_WARN_INT_CONVERSION = YES;
				CLANG_WARN_NON_LITERAL_NULL_CONVERSION = YES;
				CLANG_WARN_OBJC_IMPLICIT_RETAIN_SELF = YES;
				CLANG_WARN_OBJC_LITERAL_CONVERSION = YES;
				CLANG_WARN_OBJC_ROOT_CLASS = YES_ERROR;
				CLANG_WARN_QUOTED_INCLUDE_IN_FRAMEWORK_HEADER = YES;
				CLANG_WARN_RANGE_LOOP_ANALYSIS = YES;
				CLANG_WARN_STRICT_PROTOTYPES = YES;
				CLANG_WARN_SUSPICIOUS_MOVE = YES;
				CLANG_WARN_UNGUARDED_AVAILABILITY = YES_AGGRESSIVE;
				CLANG_WARN_UNREACHABLE_CODE = YES;
				CLANG_WARN__DUPLICATE_METHOD_MATCH = YES;
				COPY_PHASE_STRIP = NO;
				DEBUG_INFORMATION_FORMAT = "dwarf-with-dsym";
				ENABLE_NS_ASSERTIONS = NO;
				ENABLE_STRICT_OBJC_MSGSEND = YES;
				ENABLE_USER_SCRIPT_SANDBOXING = YES;
				GCC_C_LANGUAGE_STANDARD = gnu17;
				GCC_NO_COMMON_BLOCKS = YES;
				GCC_WARN_64_TO_32_BIT_CONVERSION = YES;
				GCC_WARN_ABOUT_RETURN_TYPE = YES_ERROR;
				GCC_WARN_UNDECLARED_SELECTOR = YES;
				GCC_WARN_UNINITIALIZED_AUTOS = YES_AGGRESSIVE;
				GCC_WARN_UNUSED_FUNCTION = YES;
				GCC_WARN_UNUSED_VARIABLE = YES;
				IPHONEOS_DEPLOYMENT_TARGET = 18.0;
				LOCALIZATION_PREFERS_STRING_CATALOGS = YES;
				MTL_ENABLE_DEBUG_INFO = NO;
				MTL_FAST_MATH = YES;
				SDKROOT = iphoneos;
				SWIFT_COMPILATION_MODE = wholemodule;
				VALIDATE_PRODUCT = YES;
			};
			name = Release;
		};
		263FD4342D32C31A004570DA /* Debug */ = {
			isa = XCBuildConfiguration;
			buildSettings = {
				BUNDLE_LOADER = "$(TEST_HOST)";
				CODE_SIGN_STYLE = Automatic;
				CURRENT_PROJECT_VERSION = 1;
				DEVELOPMENT_TEAM = 4MGMPCT82N;
				GENERATE_INFOPLIST_FILE = YES;
				IPHONEOS_DEPLOYMENT_TARGET = 18.0;
				MARKETING_VERSION = 1.0;
				PRODUCT_BUNDLE_IDENTIFIER = "dumb-entertainment.ekgiuvenchPW5Tests";
				PRODUCT_NAME = "$(TARGET_NAME)";
				SWIFT_EMIT_LOC_STRINGS = NO;
				SWIFT_VERSION = 5.0;
				TARGETED_DEVICE_FAMILY = "1,2";
				TEST_HOST = "$(BUILT_PRODUCTS_DIR)/ekgiuvenchPW5.app/$(BUNDLE_EXECUTABLE_FOLDER_PATH)/ekgiuvenchPW5";
			};
			name = Debug;
		};
		263FD4352D32C31A004570DA /* Release */ = {
			isa = XCBuildConfiguration;
			buildSettings = {
				BUNDLE_LOADER = "$(TEST_HOST)";
				CODE_SIGN_STYLE = Automatic;
				CURRENT_PROJECT_VERSION = 1;
				DEVELOPMENT_TEAM = 4MGMPCT82N;
				GENERATE_INFOPLIST_FILE = YES;
				IPHONEOS_DEPLOYMENT_TARGET = 18.0;
				MARKETING_VERSION = 1.0;
				PRODUCT_BUNDLE_IDENTIFIER = "dumb-entertainment.ekgiuvenchPW5Tests";
				PRODUCT_NAME = "$(TARGET_NAME)";
				SWIFT_EMIT_LOC_STRINGS = NO;
				SWIFT_VERSION = 5.0;
				TARGETED_DEVICE_FAMILY = "1,2";
				TEST_HOST = "$(BUILT_PRODUCTS_DIR)/ekgiuvenchPW5.app/$(BUNDLE_EXECUTABLE_FOLDER_PATH)/ekgiuvenchPW5";
			};
			name = Release;
		};
		263FD4372D32C31A004570DA /* Debug */ = {
			isa = XCBuildConfiguration;
			buildSettings = {
				CODE_SIGN_STYLE = Automatic;
				CURRENT_PROJECT_VERSION = 1;
				DEVELOPMENT_TEAM = 4MGMPCT82N;
				GENERATE_INFOPLIST_FILE = YES;
				MARKETING_VERSION = 1.0;
				PRODUCT_BUNDLE_IDENTIFIER = "dumb-entertainment.ekgiuvenchPW5UITests";
				PRODUCT_NAME = "$(TARGET_NAME)";
				SWIFT_EMIT_LOC_STRINGS = NO;
				SWIFT_VERSION = 5.0;
				TARGETED_DEVICE_FAMILY = "1,2";
				TEST_TARGET_NAME = ekgiuvenchPW5;
			};
			name = Debug;
		};
		263FD4382D32C31A004570DA /* Release */ = {
			isa = XCBuildConfiguration;
			buildSettings = {
				CODE_SIGN_STYLE = Automatic;
				CURRENT_PROJECT_VERSION = 1;
				DEVELOPMENT_TEAM = 4MGMPCT82N;
				GENERATE_INFOPLIST_FILE = YES;
				MARKETING_VERSION = 1.0;
				PRODUCT_BUNDLE_IDENTIFIER = "dumb-entertainment.ekgiuvenchPW5UITests";
				PRODUCT_NAME = "$(TARGET_NAME)";
				SWIFT_EMIT_LOC_STRINGS = NO;
				SWIFT_VERSION = 5.0;
				TARGETED_DEVICE_FAMILY = "1,2";
				TEST_TARGET_NAME = ekgiuvenchPW5;
			};
			name = Release;
		};
/* End XCBuildConfiguration section */

/* Begin XCConfigurationList section */
		263FD3FD2D32C317004570DA /* Build configuration list for PBXProject "ekgiuvenchPW5" */ = {
			isa = XCConfigurationList;
			buildConfigurations = (
				263FD4312D32C31A004570DA /* Debug */,
				263FD4322D32C31A004570DA /* Release */,
			);
			defaultConfigurationIsVisible = 0;
			defaultConfigurationName = Release;
		};
		263FD42E2D32C31A004570DA /* Build configuration list for PBXNativeTarget "ekgiuvenchPW5" */ = {
			isa = XCConfigurationList;
			buildConfigurations = (
				263FD42F2D32C31A004570DA /* Debug */,
				263FD4302D32C31A004570DA /* Release */,
			);
			defaultConfigurationIsVisible = 0;
			defaultConfigurationName = Release;
		};
		263FD4332D32C31A004570DA /* Build configuration list for PBXNativeTarget "ekgiuvenchPW5Tests" */ = {
			isa = XCConfigurationList;
			buildConfigurations = (
				263FD4342D32C31A004570DA /* Debug */,
				263FD4352D32C31A004570DA /* Release */,
			);
			defaultConfigurationIsVisible = 0;
			defaultConfigurationName = Release;
		};
		263FD4362D32C31A004570DA /* Build configuration list for PBXNativeTarget "ekgiuvenchPW5UITests" */ = {
			isa = XCConfigurationList;
			buildConfigurations = (
				263FD4372D32C31A004570DA /* Debug */,
				263FD4382D32C31A004570DA /* Release */,
			);
			defaultConfigurationIsVisible = 0;
			defaultConfigurationName = Release;
		};
/* End XCConfigurationList section */
	};
	rootObject = 263FD3FA2D32C317004570DA /* Project object */;
}
